
Microsoft Visual Studio Solution File, Format Version 12.00
# Visual Studio Version 17
VisualStudioVersion = 17.4.33213.308
MinimumVisualStudioVersion = 10.0.40219.1
Project("{FAE04EC0-301F-11D3-BF4B-00C04F79EFBC}") = "Lab Analysis", "Lab Analysis.csproj", "{7A1EF615-1AA9-4990-8DD1-538B3B432D6A}"
EndProject
Global
	GlobalSection(SolutionConfigurationPlatforms) = preSolution
		Debug|Any CPU = Debug|Any CPU
		Release|Any CPU = Release|Any CPU
	EndGlobalSection
	GlobalSection(ProjectConfigurationPlatforms) = postSolution
		{7A1EF615-1AA9-4990-8DD1-538B3B432D6A}.Debug|Any CPU.ActiveCfg = Debug|Any CPU
		{7A1EF615-1AA9-4990-8DD1-538B3B432D6A}.Debug|Any CPU.Build.0 = Debug|Any CPU
		{7A1EF615-1AA9-4990-8DD1-538B3B432D6A}.Release|Any CPU.ActiveCfg = Release|Any CPU
		{7A1EF615-1AA9-4990-8DD1-538B3B432D6A}.Release|Any CPU.Build.0 = Release|Any CPU
	EndGlobalSection
	GlobalSection(SolutionProperties) = preSolution
		HideSolutionNode = FALSE
	EndGlobalSection
	GlobalSection(ExtensibilityGlobals) = postSolution
		SolutionGuid = {5AD42877-F7F4-45A6-8ED8-FF93EF8C95BC}
	EndGlobalSection
EndGlobal
